// !$*UTF8*$!
{
	archiveVersion = 1;
	classes = {
	};
	objectVersion = 46;
	objects = {

/* Begin PBXBuildFile section */
		3112B3BA1CE337400076FDB1 /* CleanroomASL.framework in Frameworks */ = {isa = PBXBuildFile; fileRef = 3112B3B81CE337400076FDB1 /* CleanroomASL.framework */; };
		3112B3BB1CE337400076FDB1 /* CleanroomASL.framework in Embed Frameworks */ = {isa = PBXBuildFile; fileRef = 3112B3B81CE337400076FDB1 /* CleanroomASL.framework */; settings = {ATTRIBUTES = (CodeSignOnCopy, RemoveHeadersOnCopy, ); }; };
		3112B3BC1CE337400076FDB1 /* CleanroomLogger.framework in Frameworks */ = {isa = PBXBuildFile; fileRef = 3112B3B91CE337400076FDB1 /* CleanroomLogger.framework */; };
		3112B3BD1CE337400076FDB1 /* CleanroomLogger.framework in Embed Frameworks */ = {isa = PBXBuildFile; fileRef = 3112B3B91CE337400076FDB1 /* CleanroomLogger.framework */; settings = {ATTRIBUTES = (CodeSignOnCopy, RemoveHeadersOnCopy, ); }; };
		3113AF371CDC937D005D8FE0 /* DataStructures.swift in Sources */ = {isa = PBXBuildFile; fileRef = 3113AF361CDC937D005D8FE0 /* DataStructures.swift */; };
		313BBF6C1CE37BC100A9038C /* Constants.swift in Sources */ = {isa = PBXBuildFile; fileRef = 313BBF6B1CE37BC100A9038C /* Constants.swift */; };
		313D48641CDA357E003AA872 /* DS-DIGI.TTF in Resources */ = {isa = PBXBuildFile; fileRef = 313D485E1CDA3372003AA872 /* DS-DIGI.TTF */; };
		313D48651CDA357E003AA872 /* DS-DIGIB.TTF in Resources */ = {isa = PBXBuildFile; fileRef = 313D485F1CDA3372003AA872 /* DS-DIGIB.TTF */; };
		313D48661CDA357E003AA872 /* DS-DIGII.TTF in Resources */ = {isa = PBXBuildFile; fileRef = 313D48601CDA3372003AA872 /* DS-DIGII.TTF */; };
		313D48671CDA357E003AA872 /* DS-DIGIT.TTF in Resources */ = {isa = PBXBuildFile; fileRef = 313D48611CDA3372003AA872 /* DS-DIGIT.TTF */; };
		31B383391CD78F2800E00598 /* AppDelegate.swift in Sources */ = {isa = PBXBuildFile; fileRef = 31B383381CD78F2800E00598 /* AppDelegate.swift */; };
		31B3833B1CD78F2800E00598 /* ViewController.swift in Sources */ = {isa = PBXBuildFile; fileRef = 31B3833A1CD78F2800E00598 /* ViewController.swift */; };
		31B3833E1CD78F2800E00598 /* Main.storyboard in Resources */ = {isa = PBXBuildFile; fileRef = 31B3833C1CD78F2800E00598 /* Main.storyboard */; };
		31B383401CD78F2800E00598 /* Assets.xcassets in Resources */ = {isa = PBXBuildFile; fileRef = 31B3833F1CD78F2800E00598 /* Assets.xcassets */; };
		31B383431CD78F2800E00598 /* LaunchScreen.storyboard in Resources */ = {isa = PBXBuildFile; fileRef = 31B383411CD78F2800E00598 /* LaunchScreen.storyboard */; };
		31B3834C1CD7B62800E00598 /* CalculatorBrain.swift in Sources */ = {isa = PBXBuildFile; fileRef = 31B3834B1CD7B62800E00598 /* CalculatorBrain.swift */; };
/* End PBXBuildFile section */

/* Begin PBXContainerItemProxy section */
		3112B3AA1CE335FC0076FDB1 /* PBXContainerItemProxy */ = {
			isa = PBXContainerItemProxy;
			containerPortal = 3112B39F1CE335FB0076FDB1 /* CleanroomLogger.xcodeproj */;
			proxyType = 2;
			remoteGlobalIDString = 3B00E55D1BA3782D0011486D;
			remoteInfo = "CleanroomLogger-iOS";
		};
		3112B3AC1CE335FC0076FDB1 /* PBXContainerItemProxy */ = {
			isa = PBXContainerItemProxy;
			containerPortal = 3112B39F1CE335FB0076FDB1 /* CleanroomLogger.xcodeproj */;
			proxyType = 2;
			remoteGlobalIDString = 3B00E57C1BA379830011486D;
			remoteInfo = "CleanroomLogger-OSX";
		};
		3112B3AE1CE335FC0076FDB1 /* PBXContainerItemProxy */ = {
			isa = PBXContainerItemProxy;
			containerPortal = 3112B39F1CE335FB0076FDB1 /* CleanroomLogger.xcodeproj */;
			proxyType = 2;
			remoteGlobalIDString = 3B00E59A1BA37A420011486D;
			remoteInfo = "CleanroomLogger-tvOS";
		};
		3112B3B01CE335FC0076FDB1 /* PBXContainerItemProxy */ = {
			isa = PBXContainerItemProxy;
			containerPortal = 3112B39F1CE335FB0076FDB1 /* CleanroomLogger.xcodeproj */;
			proxyType = 2;
			remoteGlobalIDString = 3B78C6CE1BA7634E00173EAC;
			remoteInfo = "CleanroomLogger-watchOS";
		};
		3112B3B21CE335FC0076FDB1 /* PBXContainerItemProxy */ = {
			isa = PBXContainerItemProxy;
			containerPortal = 3112B39F1CE335FB0076FDB1 /* CleanroomLogger.xcodeproj */;
			proxyType = 2;
			remoteGlobalIDString = 3B00E5671BA3782D0011486D;
			remoteInfo = "CleanroomLoggerUnitTests-iOS";
		};
		3112B3B41CE335FC0076FDB1 /* PBXContainerItemProxy */ = {
			isa = PBXContainerItemProxy;
			containerPortal = 3112B39F1CE335FB0076FDB1 /* CleanroomLogger.xcodeproj */;
			proxyType = 2;
			remoteGlobalIDString = 3B00E5851BA379830011486D;
			remoteInfo = "CleanroomLoggerUnitTests-OSX";
		};
		3112B3B61CE335FC0076FDB1 /* PBXContainerItemProxy */ = {
			isa = PBXContainerItemProxy;
			containerPortal = 3112B39F1CE335FB0076FDB1 /* CleanroomLogger.xcodeproj */;
			proxyType = 2;
			remoteGlobalIDString = 3B00E5A31BA37A420011486D;
			remoteInfo = "CleanroomLoggerUnitTests-tvOS";
		};
/* End PBXContainerItemProxy section */

/* Begin PBXCopyFilesBuildPhase section */
		3112B3BE1CE337400076FDB1 /* Embed Frameworks */ = {
			isa = PBXCopyFilesBuildPhase;
			buildActionMask = 2147483647;
			dstPath = "";
			dstSubfolderSpec = 10;
			files = (
				3112B3BB1CE337400076FDB1 /* CleanroomASL.framework in Embed Frameworks */,
				3112B3BD1CE337400076FDB1 /* CleanroomLogger.framework in Embed Frameworks */,
			);
			name = "Embed Frameworks";
			runOnlyForDeploymentPostprocessing = 0;
		};
/* End PBXCopyFilesBuildPhase section */

/* Begin PBXFileReference section */
		3112B39F1CE335FB0076FDB1 /* CleanroomLogger.xcodeproj */ = {isa = PBXFileReference; lastKnownFileType = "wrapper.pb-project"; name = CleanroomLogger.xcodeproj; path = Libraries/CleanroomLogger/CleanroomLogger.xcodeproj; sourceTree = "<group>"; };
		3112B3B81CE337400076FDB1 /* CleanroomASL.framework */ = {isa = PBXFileReference; lastKnownFileType = wrapper.framework; name = CleanroomASL.framework; path = "../../../../../../../../Documents/xcode-projects/Calculator/CleanroomASL.framework"; sourceTree = BUILT_PRODUCTS_DIR; };
		3112B3B91CE337400076FDB1 /* CleanroomLogger.framework */ = {isa = PBXFileReference; lastKnownFileType = wrapper.framework; name = CleanroomLogger.framework; path = "../../../../../../../../Documents/xcode-projects/Calculator/CleanroomLogger.framework"; sourceTree = BUILT_PRODUCTS_DIR; };
		3113AF361CDC937D005D8FE0 /* DataStructures.swift */ = {isa = PBXFileReference; fileEncoding = 4; lastKnownFileType = sourcecode.swift; path = DataStructures.swift; sourceTree = "<group>"; };
		313BBF6B1CE37BC100A9038C /* Constants.swift */ = {isa = PBXFileReference; fileEncoding = 4; lastKnownFileType = sourcecode.swift; path = Constants.swift; sourceTree = "<group>"; };
		313D485E1CDA3372003AA872 /* DS-DIGI.TTF */ = {isa = PBXFileReference; lastKnownFileType = file; path = "DS-DIGI.TTF"; sourceTree = "<group>"; };
		313D485F1CDA3372003AA872 /* DS-DIGIB.TTF */ = {isa = PBXFileReference; lastKnownFileType = file; path = "DS-DIGIB.TTF"; sourceTree = "<group>"; };
		313D48601CDA3372003AA872 /* DS-DIGII.TTF */ = {isa = PBXFileReference; lastKnownFileType = file; path = "DS-DIGII.TTF"; sourceTree = "<group>"; };
		313D48611CDA3372003AA872 /* DS-DIGIT.TTF */ = {isa = PBXFileReference; lastKnownFileType = file; path = "DS-DIGIT.TTF"; sourceTree = "<group>"; };
		31B383351CD78F2700E00598 /* Calculator.app */ = {isa = PBXFileReference; explicitFileType = wrapper.application; includeInIndex = 0; path = Calculator.app; sourceTree = BUILT_PRODUCTS_DIR; };
		31B383381CD78F2800E00598 /* AppDelegate.swift */ = {isa = PBXFileReference; lastKnownFileType = sourcecode.swift; path = AppDelegate.swift; sourceTree = "<group>"; };
		31B3833A1CD78F2800E00598 /* ViewController.swift */ = {isa = PBXFileReference; lastKnownFileType = sourcecode.swift; path = ViewController.swift; sourceTree = "<group>"; };
		31B3833D1CD78F2800E00598 /* Base */ = {isa = PBXFileReference; lastKnownFileType = file.storyboard; name = Base; path = Base.lproj/Main.storyboard; sourceTree = "<group>"; };
		31B3833F1CD78F2800E00598 /* Assets.xcassets */ = {isa = PBXFileReference; lastKnownFileType = folder.assetcatalog; path = Assets.xcassets; sourceTree = "<group>"; };
		31B383421CD78F2800E00598 /* Base */ = {isa = PBXFileReference; lastKnownFileType = file.storyboard; name = Base; path = Base.lproj/LaunchScreen.storyboard; sourceTree = "<group>"; };
		31B383441CD78F2800E00598 /* Info.plist */ = {isa = PBXFileReference; lastKnownFileType = text.plist.xml; path = Info.plist; sourceTree = "<group>"; };
		31B3834B1CD7B62800E00598 /* CalculatorBrain.swift */ = {isa = PBXFileReference; fileEncoding = 4; lastKnownFileType = sourcecode.swift; path = CalculatorBrain.swift; sourceTree = "<group>"; };
/* End PBXFileReference section */

/* Begin PBXFrameworksBuildPhase section */
		31B383321CD78F2700E00598 /* Frameworks */ = {
			isa = PBXFrameworksBuildPhase;
			buildActionMask = 2147483647;
			files = (
				3112B3BA1CE337400076FDB1 /* CleanroomASL.framework in Frameworks */,
				3112B3BC1CE337400076FDB1 /* CleanroomLogger.framework in Frameworks */,
			);
			runOnlyForDeploymentPostprocessing = 0;
		};
/* End PBXFrameworksBuildPhase section */

/* Begin PBXGroup section */
		3112B3A01CE335FB0076FDB1 /* Products */ = {
			isa = PBXGroup;
			children = (
				3112B3AB1CE335FC0076FDB1 /* CleanroomLogger.framework */,
				3112B3AD1CE335FC0076FDB1 /* CleanroomLogger.framework */,
				3112B3AF1CE335FC0076FDB1 /* CleanroomLogger.framework */,
				3112B3B11CE335FC0076FDB1 /* CleanroomLogger.framework */,
				3112B3B31CE335FC0076FDB1 /* CleanroomLoggerUnitTests.xctest */,
				3112B3B51CE335FC0076FDB1 /* CleanroomLoggerUnitTests.xctest */,
				3112B3B71CE335FC0076FDB1 /* CleanroomLoggerUnitTests.xctest */,
			);
			name = Products;
			sourceTree = "<group>";
		};
		3112B3BF1CE338630076FDB1 /* Frameworks */ = {
			isa = PBXGroup;
			children = (
				3112B3B81CE337400076FDB1 /* CleanroomASL.framework */,
				3112B3B91CE337400076FDB1 /* CleanroomLogger.framework */,
			);
			name = Frameworks;
			sourceTree = "<group>";
		};
		313D48631CDA3386003AA872 /* fonts */ = {
			isa = PBXGroup;
			children = (
				313D485E1CDA3372003AA872 /* DS-DIGI.TTF */,
				313D485F1CDA3372003AA872 /* DS-DIGIB.TTF */,
				313D48601CDA3372003AA872 /* DS-DIGII.TTF */,
				313D48611CDA3372003AA872 /* DS-DIGIT.TTF */,
			);
			name = fonts;
			sourceTree = "<group>";
		};
		31B3832C1CD78F2700E00598 = {
			isa = PBXGroup;
			children = (
				3112B3BF1CE338630076FDB1 /* Frameworks */,
				31B383371CD78F2800E00598 /* Calculator */,
				31B383361CD78F2700E00598 /* Products */,
				3112B39F1CE335FB0076FDB1 /* CleanroomLogger.xcodeproj */,
			);
			sourceTree = "<group>";
		};
		31B383361CD78F2700E00598 /* Products */ = {
			isa = PBXGroup;
			children = (
				31B383351CD78F2700E00598 /* Calculator.app */,
			);
			name = Products;
			sourceTree = "<group>";
		};
		31B383371CD78F2800E00598 /* Calculator */ = {
			isa = PBXGroup;
			children = (
				31B3833A1CD78F2800E00598 /* ViewController.swift */,
				31B3833C1CD78F2800E00598 /* Main.storyboard */,
				31B3834B1CD7B62800E00598 /* CalculatorBrain.swift */,
				3113AF361CDC937D005D8FE0 /* DataStructures.swift */,
				313BBF6B1CE37BC100A9038C /* Constants.swift */,
				31B3834A1CD791CF00E00598 /* Supporting Files */,
			);
			path = Calculator;
			sourceTree = "<group>";
		};
		31B3834A1CD791CF00E00598 /* Supporting Files */ = {
			isa = PBXGroup;
			children = (
				313D48631CDA3386003AA872 /* fonts */,
				31B383381CD78F2800E00598 /* AppDelegate.swift */,
				31B3833F1CD78F2800E00598 /* Assets.xcassets */,
				31B383411CD78F2800E00598 /* LaunchScreen.storyboard */,
				31B383441CD78F2800E00598 /* Info.plist */,
			);
			name = "Supporting Files";
			sourceTree = "<group>";
		};
/* End PBXGroup section */

/* Begin PBXNativeTarget section */
		31B383341CD78F2700E00598 /* Calculator */ = {
			isa = PBXNativeTarget;
			buildConfigurationList = 31B383471CD78F2800E00598 /* Build configuration list for PBXNativeTarget "Calculator" */;
			buildPhases = (
				31B383311CD78F2700E00598 /* Sources */,
				31B383321CD78F2700E00598 /* Frameworks */,
				31B383331CD78F2700E00598 /* Resources */,
				3112B3BE1CE337400076FDB1 /* Embed Frameworks */,
			);
			buildRules = (
			);
			dependencies = (
			);
			name = Calculator;
			productName = Calculator;
			productReference = 31B383351CD78F2700E00598 /* Calculator.app */;
			productType = "com.apple.product-type.application";
		};
/* End PBXNativeTarget section */

/* Begin PBXProject section */
		31B3832D1CD78F2700E00598 /* Project object */ = {
			isa = PBXProject;
			attributes = {
				LastSwiftUpdateCheck = 0730;
				LastUpgradeCheck = 0730;
				ORGANIZATIONNAME = "Dino Lupo";
				TargetAttributes = {
					31B383341CD78F2700E00598 = {
						CreatedOnToolsVersion = 7.3;
						DevelopmentTeam = LE2F223RL4;
					};
				};
			};
			buildConfigurationList = 31B383301CD78F2700E00598 /* Build configuration list for PBXProject "Calculator" */;
			compatibilityVersion = "Xcode 3.2";
			developmentRegion = English;
			hasScannedForEncodings = 0;
			knownRegions = (
				en,
				Base,
			);
			mainGroup = 31B3832C1CD78F2700E00598;
			productRefGroup = 31B383361CD78F2700E00598 /* Products */;
			projectDirPath = "";
			projectReferences = (
				{
					ProductGroup = 3112B3A01CE335FB0076FDB1 /* Products */;
					ProjectRef = 3112B39F1CE335FB0076FDB1 /* CleanroomLogger.xcodeproj */;
				},
			);
			projectRoot = "";
			targets = (
				31B383341CD78F2700E00598 /* Calculator */,
			);
		};
/* End PBXProject section */

/* Begin PBXReferenceProxy section */
		3112B3AB1CE335FC0076FDB1 /* CleanroomLogger.framework */ = {
			isa = PBXReferenceProxy;
			fileType = wrapper.framework;
			path = CleanroomLogger.framework;
			remoteRef = 3112B3AA1CE335FC0076FDB1 /* PBXContainerItemProxy */;
			sourceTree = BUILT_PRODUCTS_DIR;
		};
		3112B3AD1CE335FC0076FDB1 /* CleanroomLogger.framework */ = {
			isa = PBXReferenceProxy;
			fileType = wrapper.framework;
			path = CleanroomLogger.framework;
			remoteRef = 3112B3AC1CE335FC0076FDB1 /* PBXContainerItemProxy */;
			sourceTree = BUILT_PRODUCTS_DIR;
		};
		3112B3AF1CE335FC0076FDB1 /* CleanroomLogger.framework */ = {
			isa = PBXReferenceProxy;
			fileType = wrapper.framework;
			path = CleanroomLogger.framework;
			remoteRef = 3112B3AE1CE335FC0076FDB1 /* PBXContainerItemProxy */;
			sourceTree = BUILT_PRODUCTS_DIR;
		};
		3112B3B11CE335FC0076FDB1 /* CleanroomLogger.framework */ = {
			isa = PBXReferenceProxy;
			fileType = wrapper.framework;
			path = CleanroomLogger.framework;
			remoteRef = 3112B3B01CE335FC0076FDB1 /* PBXContainerItemProxy */;
			sourceTree = BUILT_PRODUCTS_DIR;
		};
		3112B3B31CE335FC0076FDB1 /* CleanroomLoggerUnitTests.xctest */ = {
			isa = PBXReferenceProxy;
			fileType = wrapper.cfbundle;
			path = CleanroomLoggerUnitTests.xctest;
			remoteRef = 3112B3B21CE335FC0076FDB1 /* PBXContainerItemProxy */;
			sourceTree = BUILT_PRODUCTS_DIR;
		};
		3112B3B51CE335FC0076FDB1 /* CleanroomLoggerUnitTests.xctest */ = {
			isa = PBXReferenceProxy;
			fileType = wrapper.cfbundle;
			path = CleanroomLoggerUnitTests.xctest;
			remoteRef = 3112B3B41CE335FC0076FDB1 /* PBXContainerItemProxy */;
			sourceTree = BUILT_PRODUCTS_DIR;
		};
		3112B3B71CE335FC0076FDB1 /* CleanroomLoggerUnitTests.xctest */ = {
			isa = PBXReferenceProxy;
			fileType = wrapper.cfbundle;
			path = CleanroomLoggerUnitTests.xctest;
			remoteRef = 3112B3B61CE335FC0076FDB1 /* PBXContainerItemProxy */;
			sourceTree = BUILT_PRODUCTS_DIR;
		};
/* End PBXReferenceProxy section */

/* Begin PBXResourcesBuildPhase section */
		31B383331CD78F2700E00598 /* Resources */ = {
			isa = PBXResourcesBuildPhase;
			buildActionMask = 2147483647;
			files = (
				313D48641CDA357E003AA872 /* DS-DIGI.TTF in Resources */,
				313D48651CDA357E003AA872 /* DS-DIGIB.TTF in Resources */,
				313D48661CDA357E003AA872 /* DS-DIGII.TTF in Resources */,
				313D48671CDA357E003AA872 /* DS-DIGIT.TTF in Resources */,
				31B383431CD78F2800E00598 /* LaunchScreen.storyboard in Resources */,
				31B383401CD78F2800E00598 /* Assets.xcassets in Resources */,
				31B3833E1CD78F2800E00598 /* Main.storyboard in Resources */,
			);
			runOnlyForDeploymentPostprocessing = 0;
		};
/* End PBXResourcesBuildPhase section */

/* Begin PBXSourcesBuildPhase section */
		31B383311CD78F2700E00598 /* Sources */ = {
			isa = PBXSourcesBuildPhase;
			buildActionMask = 2147483647;
			files = (
				313BBF6C1CE37BC100A9038C /* Constants.swift in Sources */,
				3113AF371CDC937D005D8FE0 /* DataStructures.swift in Sources */,
				31B3834C1CD7B62800E00598 /* CalculatorBrain.swift in Sources */,
				31B3833B1CD78F2800E00598 /* ViewController.swift in Sources */,
				31B383391CD78F2800E00598 /* AppDelegate.swift in Sources */,
			);
			runOnlyForDeploymentPostprocessing = 0;
		};
/* End PBXSourcesBuildPhase section */

/* Begin PBXVariantGroup section */
		31B3833C1CD78F2800E00598 /* Main.storyboard */ = {
			isa = PBXVariantGroup;
			children = (
				31B3833D1CD78F2800E00598 /* Base */,
			);
			name = Main.storyboard;
			sourceTree = "<group>";
		};
		31B383411CD78F2800E00598 /* LaunchScreen.storyboard */ = {
			isa = PBXVariantGroup;
			children = (
				31B383421CD78F2800E00598 /* Base */,
			);
			name = LaunchScreen.storyboard;
			sourceTree = "<group>";
		};
/* End PBXVariantGroup section */

/* Begin XCBuildConfiguration section */
		31B383451CD78F2800E00598 /* Debug */ = {
			isa = XCBuildConfiguration;
			buildSettings = {
				ALWAYS_SEARCH_USER_PATHS = NO;
				CLANG_ANALYZER_NONNULL = YES;
				CLANG_CXX_LANGUAGE_STANDARD = "gnu++0x";
				CLANG_CXX_LIBRARY = "libc++";
				CLANG_ENABLE_MODULES = YES;
				CLANG_ENABLE_OBJC_ARC = YES;
				CLANG_WARN_BOOL_CONVERSION = YES;
				CLANG_WARN_CONSTANT_CONVERSION = YES;
				CLANG_WARN_DIRECT_OBJC_ISA_USAGE = YES_ERROR;
				CLANG_WARN_EMPTY_BODY = YES;
				CLANG_WARN_ENUM_CONVERSION = YES;
				CLANG_WARN_INT_CONVERSION = YES;
				CLANG_WARN_OBJC_ROOT_CLASS = YES_ERROR;
				CLANG_WARN_UNREACHABLE_CODE = YES;
				CLANG_WARN__DUPLICATE_METHOD_MATCH = YES;
				"CODE_SIGN_IDENTITY[sdk=iphoneos*]" = "iPhone Developer";
				COPY_PHASE_STRIP = NO;
				DEBUG_INFORMATION_FORMAT = dwarf;
				ENABLE_STRICT_OBJC_MSGSEND = YES;
				ENABLE_TESTABILITY = YES;
				GCC_C_LANGUAGE_STANDARD = gnu99;
				GCC_DYNAMIC_NO_PIC = NO;
				GCC_NO_COMMON_BLOCKS = YES;
				GCC_OPTIMIZATION_LEVEL = 0;
				GCC_PREPROCESSOR_DEFINITIONS = (
					"DEBUG=1",
					"$(inherited)",
				);
				GCC_WARN_64_TO_32_BIT_CONVERSION = YES;
				GCC_WARN_ABOUT_RETURN_TYPE = YES_ERROR;
				GCC_WARN_UNDECLARED_SELECTOR = YES;
				GCC_WARN_UNINITIALIZED_AUTOS = YES_AGGRESSIVE;
				GCC_WARN_UNUSED_FUNCTION = YES;
				GCC_WARN_UNUSED_VARIABLE = YES;
				IPHONEOS_DEPLOYMENT_TARGET = 9.3;
				MTL_ENABLE_DEBUG_INFO = YES;
				ONLY_ACTIVE_ARCH = YES;
				SDKROOT = iphoneos;
				SWIFT_OPTIMIZATION_LEVEL = "-Onone";
				TARGETED_DEVICE_FAMILY = "1,2";
			};
			name = Debug;
		};
		31B383461CD78F2800E00598 /* Release */ = {
			isa = XCBuildConfiguration;
			buildSettings = {
				ALWAYS_SEARCH_USER_PATHS = NO;
				CLANG_ANALYZER_NONNULL = YES;
				CLANG_CXX_LANGUAGE_STANDARD = "gnu++0x";
				CLANG_CXX_LIBRARY = "libc++";
				CLANG_ENABLE_MODULES = YES;
				CLANG_ENABLE_OBJC_ARC = YES;
				CLANG_WARN_BOOL_CONVERSION = YES;
				CLANG_WARN_CONSTANT_CONVERSION = YES;
				CLANG_WARN_DIRECT_OBJC_ISA_USAGE = YES_ERROR;
				CLANG_WARN_EMPTY_BODY = YES;
				CLANG_WARN_ENUM_CONVERSION = YES;
				CLANG_WARN_INT_CONVERSION = YES;
				CLANG_WARN_OBJC_ROOT_CLASS = YES_ERROR;
				CLANG_WARN_UNREACHABLE_CODE = YES;
				CLANG_WARN__DUPLICATE_METHOD_MATCH = YES;
				"CODE_SIGN_IDENTITY[sdk=iphoneos*]" = "iPhone Developer";
				COPY_PHASE_STRIP = NO;
				DEBUG_INFORMATION_FORMAT = "dwarf-with-dsym";
				ENABLE_NS_ASSERTIONS = NO;
				ENABLE_STRICT_OBJC_MSGSEND = YES;
				GCC_C_LANGUAGE_STANDARD = gnu99;
				GCC_NO_COMMON_BLOCKS = YES;
				GCC_WARN_64_TO_32_BIT_CONVERSION = YES;
				GCC_WARN_ABOUT_RETURN_TYPE = YES_ERROR;
				GCC_WARN_UNDECLARED_SELECTOR = YES;
				GCC_WARN_UNINITIALIZED_AUTOS = YES_AGGRESSIVE;
				GCC_WARN_UNUSED_FUNCTION = YES;
				GCC_WARN_UNUSED_VARIABLE = YES;
				IPHONEOS_DEPLOYMENT_TARGET = 9.3;
				MTL_ENABLE_DEBUG_INFO = NO;
				SDKROOT = iphoneos;
				TARGETED_DEVICE_FAMILY = "1,2";
				VALIDATE_PRODUCT = YES;
			};
			name = Release;
		};
		31B383481CD78F2800E00598 /* Debug */ = {
			isa = XCBuildConfiguration;
			buildSettings = {
				ASSETCATALOG_COMPILER_APPICON_NAME = AppIcon;
				CODE_SIGN_IDENTITY = "iPhone Developer";
				FRAMEWORK_SEARCH_PATHS = (
					"$(inherited)",
					"$(PROJECT_DIR)",
				);
				INFOPLIST_FILE = Calculator/Info.plist;
				LD_RUNPATH_SEARCH_PATHS = "$(inherited) @executable_path/Frameworks";
				PRODUCT_BUNDLE_IDENTIFIER = io.github.dinolupo.Calculator;
				PRODUCT_NAME = "$(TARGET_NAME)";
			};
			name = Debug;
		};
		31B383491CD78F2800E00598 /* Release */ = {
			isa = XCBuildConfiguration;
			buildSettings = {
				ASSETCATALOG_COMPILER_APPICON_NAME = AppIcon;
				CODE_SIGN_IDENTITY = "iPhone Developer";
				FRAMEWORK_SEARCH_PATHS = (
					"$(inherited)",
					"$(PROJECT_DIR)",
				);
				INFOPLIST_FILE = Calculator/Info.plist;
				LD_RUNPATH_SEARCH_PATHS = "$(inherited) @executable_path/Frameworks";
				PRODUCT_BUNDLE_IDENTIFIER = io.github.dinolupo.Calculator;
				PRODUCT_NAME = "$(TARGET_NAME)";
			};
			name = Release;
		};
/* End XCBuildConfiguration section */

/* Begin XCConfigurationList section */
		31B383301CD78F2700E00598 /* Build configuration list for PBXProject "Calculator" */ = {
			isa = XCConfigurationList;
			buildConfigurations = (
				31B383451CD78F2800E00598 /* Debug */,
				31B383461CD78F2800E00598 /* Release */,
			);
			defaultConfigurationIsVisible = 0;
			defaultConfigurationName = Release;
		};
		31B383471CD78F2800E00598 /* Build configuration list for PBXNativeTarget "Calculator" */ = {
			isa = XCConfigurationList;
			buildConfigurations = (
				31B383481CD78F2800E00598 /* Debug */,
				31B383491CD78F2800E00598 /* Release */,
			);
			defaultConfigurationIsVisible = 0;
			defaultConfigurationName = Release;
		};
/* End XCConfigurationList section */
	};
	rootObject = 31B3832D1CD78F2700E00598 /* Project object */;
}
